{
  "nodes": {
    "nixpkgs": {
      "locked": {
        "lastModified": 1634593112,
        "narHash": "sha256-7CzJtlucBigZcAmGd2RYdGs3/e8rJxB/23JMxmzmvl4=",
        "owner": "NixOS",
        "repo": "nixpkgs",
        "rev": "8fdc8fe5ce0ca71a2b1b5e7262983f51d48d411d",
        "type": "github"
      },
      "original": {
        "owner": "NixOS",
        "ref": "master",
        "repo": "nixpkgs",
        "type": "github"
      }
    },
    "root": {
      "inputs": {
        "nixpkgs": "nixpkgs",
        "utils": "utils"
      }
    },
    "utils": {
      "locked": {
        "lastModified": 1631561581,
        "narHash": "sha256-3VQMV5zvxaVLvqqUrNz3iJelLw30mIVSfZmAaauM3dA=",
        "owner": "numtide",
        "repo": "flake-utils",
        "rev": "7e5bf3925f6fbdfaf50a2a7ca0be2879c4261d19",
        "type": "github"
      },
      "original": {
        "owner": "numtide",
        "repo": "flake-utils",
        "type": "github"
      }
    }
  },
  "root": "root",
  "version": 7
}
